// !$*UTF8*$!
{
	archiveVersion = 1;
	classes = {
	};
	objectVersion = 77;
	objects = {

/* Begin PBXBuildFile section */
		94F1B0012E14C1D900EBDA49 /* SampleCode.xcconfig in Resources */ = {isa = PBXBuildFile; fileRef = 94F1AFFF2E14C1D900EBDA49 /* SampleCode.xcconfig */; };
/* End PBXBuildFile section */

/* Begin PBXContainerItemProxy section */
		94F1AF1C2E14659100EBDA49 /* PBXContainerItemProxy */ = {
			isa = PBXContainerItemProxy;
			containerPortal = 94F1AEFD2E14658F00EBDA49 /* Project object */;
			proxyType = 1;
			remoteGlobalIDString = 94F1AF042E14658F00EBDA49;
			remoteInfo = Countries;
		};
		94F1AF262E14659100EBDA49 /* PBXContainerItemProxy */ = {
			isa = PBXContainerItemProxy;
			containerPortal = 94F1AEFD2E14658F00EBDA49 /* Project object */;
			proxyType = 1;
			remoteGlobalIDString = 94F1AF042E14658F00EBDA49;
			remoteInfo = Countries;
		};
/* End PBXContainerItemProxy section */

/* Begin PBXFileReference section */
		94F1AF052E14658F00EBDA49 /* Countries.app */ = {isa = PBXFileReference; explicitFileType = wrapper.application; includeInIndex = 0; path = Countries.app; sourceTree = BUILT_PRODUCTS_DIR; };
		94F1AF1B2E14659100EBDA49 /* CountriesTests.xctest */ = {isa = PBXFileReference; explicitFileType = wrapper.cfbundle; includeInIndex = 0; path = CountriesTests.xctest; sourceTree = BUILT_PRODUCTS_DIR; };
		94F1AF252E14659100EBDA49 /* CountriesUITests.xctest */ = {isa = PBXFileReference; explicitFileType = wrapper.cfbundle; includeInIndex = 0; path = CountriesUITests.xctest; sourceTree = BUILT_PRODUCTS_DIR; };
		94F1AFFF2E14C1D900EBDA49 /* SampleCode.xcconfig */ = {isa = PBXFileReference; lastKnownFileType = text.xcconfig; path = SampleCode.xcconfig; sourceTree = "<group>"; };
/* End PBXFileReference section */

/* Begin PBXFileSystemSynchronizedBuildFileExceptionSet section */
		94F1AF2D2E14659100EBDA49 /* Exceptions for "Countries" folder in "Countries" target */ = {
			isa = PBXFileSystemSynchronizedBuildFileExceptionSet;
			membershipExceptions = (
				Resources/Info.plist,
			);
			target = 94F1AF042E14658F00EBDA49 /* Countries */;
		};
		94F1AF522E14805B00EBDA49 /* Exceptions for "Countries" folder in "CountriesTests" target */ = {
			isa = PBXFileSystemSynchronizedBuildFileExceptionSet;
			membershipExceptions = (
				Cells/CountryTableViewCell.swift,
				Constants/Constants.swift,
				Delegation/CountriesControllerViewModelDelegate.swift,
				Errors/NetworkError.swift,
				"Extensions/CountriesViewController+CountriesControllerViewModelDelegate.swift",
				"Extensions/CountriesViewController+TableView.swift",
				"Extensions/CountriesViewController+UISearchController.swift",
				ViewModels/CountriesControllerViewModel.swift,
				ViewModels/CountryCellViewModel.swift,
			);
			target = 94F1AF1A2E14659100EBDA49 /* CountriesTests */;
		};
		94F1AF532E14805B00EBDA49 /* Exceptions for "Countries" folder in "CountriesUITests" target */ = {
			isa = PBXFileSystemSynchronizedBuildFileExceptionSet;
			membershipExceptions = (
				Cells/CountryTableViewCell.swift,
				Constants/Constants.swift,
				Delegation/CountriesControllerViewModelDelegate.swift,
				Errors/NetworkError.swift,
				"Extensions/CountriesViewController+CountriesControllerViewModelDelegate.swift",
				"Extensions/CountriesViewController+TableView.swift",
				"Extensions/CountriesViewController+UISearchController.swift",
				ViewModels/CountriesControllerViewModel.swift,
				ViewModels/CountryCellViewModel.swift,
			);
			target = 94F1AF242E14659100EBDA49 /* CountriesUITests */;
		};
/* End PBXFileSystemSynchronizedBuildFileExceptionSet section */

/* Begin PBXFileSystemSynchronizedRootGroup section */
		94F1AF072E14658F00EBDA49 /* Countries */ = {
			isa = PBXFileSystemSynchronizedRootGroup;
			exceptions = (
				94F1AF2D2E14659100EBDA49 /* Exceptions for "Countries" folder in "Countries" target */,
				94F1AF522E14805B00EBDA49 /* Exceptions for "Countries" folder in "CountriesTests" target */,
				94F1AF532E14805B00EBDA49 /* Exceptions for "Countries" folder in "CountriesUITests" target */,
			);
			path = Countries;
			sourceTree = "<group>";
		};
		94F1AF1E2E14659100EBDA49 /* CountriesTests */ = {
			isa = PBXFileSystemSynchronizedRootGroup;
			path = CountriesTests;
			sourceTree = "<group>";
		};
		94F1AF282E14659100EBDA49 /* CountriesUITests */ = {
			isa = PBXFileSystemSynchronizedRootGroup;
			path = CountriesUITests;
			sourceTree = "<group>";
		};
/* End PBXFileSystemSynchronizedRootGroup section */

/* Begin PBXFrameworksBuildPhase section */
		94F1AF022E14658F00EBDA49 /* Frameworks */ = {
			isa = PBXFrameworksBuildPhase;
			buildActionMask = 2147483647;
			files = (
			);
			runOnlyForDeploymentPostprocessing = 0;
		};
		94F1AF182E14659100EBDA49 /* Frameworks */ = {
			isa = PBXFrameworksBuildPhase;
			buildActionMask = 2147483647;
			files = (
			);
			runOnlyForDeploymentPostprocessing = 0;
		};
		94F1AF222E14659100EBDA49 /* Frameworks */ = {
			isa = PBXFrameworksBuildPhase;
			buildActionMask = 2147483647;
			files = (
			);
			runOnlyForDeploymentPostprocessing = 0;
		};
/* End PBXFrameworksBuildPhase section */

/* Begin PBXGroup section */
		94F1AEFC2E14658F00EBDA49 = {
			isa = PBXGroup;
			children = (
				94F1B0002E14C1D900EBDA49 /* Configuration */,
				94F1AF072E14658F00EBDA49 /* Countries */,
				94F1AF1E2E14659100EBDA49 /* CountriesTests */,
				94F1AF282E14659100EBDA49 /* CountriesUITests */,
				94F1AF062E14658F00EBDA49 /* Products */,
			);
			sourceTree = "<group>";
		};
		94F1AF062E14658F00EBDA49 /* Products */ = {
			isa = PBXGroup;
			children = (
				94F1AF052E14658F00EBDA49 /* Countries.app */,
				94F1AF1B2E14659100EBDA49 /* CountriesTests.xctest */,
				94F1AF252E14659100EBDA49 /* CountriesUITests.xctest */,
			);
			name = Products;
			sourceTree = "<group>";
		};
		94F1B0002E14C1D900EBDA49 /* Configuration */ = {
			isa = PBXGroup;
			children = (
				94F1AFFF2E14C1D900EBDA49 /* SampleCode.xcconfig */,
			);
			path = Configuration;
			sourceTree = "<group>";
		};
/* End PBXGroup section */

/* Begin PBXNativeTarget section */
		94F1AF042E14658F00EBDA49 /* Countries */ = {
			isa = PBXNativeTarget;
			buildConfigurationList = 94F1AF2E2E14659100EBDA49 /* Build configuration list for PBXNativeTarget "Countries" */;
			buildPhases = (
				94F1AF012E14658F00EBDA49 /* Sources */,
				94F1AF022E14658F00EBDA49 /* Frameworks */,
				94F1AF032E14658F00EBDA49 /* Resources */,
			);
			buildRules = (
			);
			dependencies = (
			);
			fileSystemSynchronizedGroups = (
				94F1AF072E14658F00EBDA49 /* Countries */,
			);
			name = Countries;
			packageProductDependencies = (
			);
			productName = Countries;
			productReference = 94F1AF052E14658F00EBDA49 /* Countries.app */;
			productType = "com.apple.product-type.application";
		};
		94F1AF1A2E14659100EBDA49 /* CountriesTests */ = {
			isa = PBXNativeTarget;
			buildConfigurationList = 94F1AF332E14659100EBDA49 /* Build configuration list for PBXNativeTarget "CountriesTests" */;
			buildPhases = (
				94F1AF172E14659100EBDA49 /* Sources */,
				94F1AF182E14659100EBDA49 /* Frameworks */,
				94F1AF192E14659100EBDA49 /* Resources */,
			);
			buildRules = (
			);
			dependencies = (
				94F1AF1D2E14659100EBDA49 /* PBXTargetDependency */,
			);
			fileSystemSynchronizedGroups = (
				94F1AF1E2E14659100EBDA49 /* CountriesTests */,
			);
			name = CountriesTests;
			packageProductDependencies = (
			);
			productName = CountriesTests;
			productReference = 94F1AF1B2E14659100EBDA49 /* CountriesTests.xctest */;
			productType = "com.apple.product-type.bundle.unit-test";
		};
		94F1AF242E14659100EBDA49 /* CountriesUITests */ = {
			isa = PBXNativeTarget;
			buildConfigurationList = 94F1AF362E14659100EBDA49 /* Build configuration list for PBXNativeTarget "CountriesUITests" */;
			buildPhases = (
				94F1AF212E14659100EBDA49 /* Sources */,
				94F1AF222E14659100EBDA49 /* Frameworks */,
				94F1AF232E14659100EBDA49 /* Resources */,
			);
			buildRules = (
			);
			dependencies = (
				94F1AF272E14659100EBDA49 /* PBXTargetDependency */,
			);
			fileSystemSynchronizedGroups = (
				94F1AF282E14659100EBDA49 /* CountriesUITests */,
			);
			name = CountriesUITests;
			packageProductDependencies = (
			);
			productName = CountriesUITests;
			productReference = 94F1AF252E14659100EBDA49 /* CountriesUITests.xctest */;
			productType = "com.apple.product-type.bundle.ui-testing";
		};
/* End PBXNativeTarget section */

/* Begin PBXProject section */
		94F1AEFD2E14658F00EBDA49 /* Project object */ = {
			isa = PBXProject;
			attributes = {
				BuildIndependentTargetsInParallel = 1;
				LastSwiftUpdateCheck = 1640;
				LastUpgradeCheck = 1640;
				TargetAttributes = {
					94F1AF042E14658F00EBDA49 = {
						CreatedOnToolsVersion = 16.4;
					};
					94F1AF1A2E14659100EBDA49 = {
						CreatedOnToolsVersion = 16.4;
						TestTargetID = 94F1AF042E14658F00EBDA49;
					};
					94F1AF242E14659100EBDA49 = {
						CreatedOnToolsVersion = 16.4;
						TestTargetID = 94F1AF042E14658F00EBDA49;
					};
				};
			};
			buildConfigurationList = 94F1AF002E14658F00EBDA49 /* Build configuration list for PBXProject "Countries" */;
			developmentRegion = en;
			hasScannedForEncodings = 0;
			knownRegions = (
				en,
				Base,
			);
			mainGroup = 94F1AEFC2E14658F00EBDA49;
			minimizedProjectReferenceProxies = 1;
			preferredProjectObjectVersion = 77;
			productRefGroup = 94F1AF062E14658F00EBDA49 /* Products */;
			projectDirPath = "";
			projectRoot = "";
			targets = (
				94F1AF042E14658F00EBDA49 /* Countries */,
				94F1AF1A2E14659100EBDA49 /* CountriesTests */,
				94F1AF242E14659100EBDA49 /* CountriesUITests */,
			);
		};
/* End PBXProject section */

/* Begin PBXResourcesBuildPhase section */
		94F1AF032E14658F00EBDA49 /* Resources */ = {
			isa = PBXResourcesBuildPhase;
			buildActionMask = 2147483647;
			files = (
				94F1B0012E14C1D900EBDA49 /* SampleCode.xcconfig in Resources */,
			);
			runOnlyForDeploymentPostprocessing = 0;
		};
		94F1AF192E14659100EBDA49 /* Resources */ = {
			isa = PBXResourcesBuildPhase;
			buildActionMask = 2147483647;
			files = (
			);
			runOnlyForDeploymentPostprocessing = 0;
		};
		94F1AF232E14659100EBDA49 /* Resources */ = {
			isa = PBXResourcesBuildPhase;
			buildActionMask = 2147483647;
			files = (
			);
			runOnlyForDeploymentPostprocessing = 0;
		};
/* End PBXResourcesBuildPhase section */

/* Begin PBXSourcesBuildPhase section */
		94F1AF012E14658F00EBDA49 /* Sources */ = {
			isa = PBXSourcesBuildPhase;
			buildActionMask = 2147483647;
			files = (
			);
			runOnlyForDeploymentPostprocessing = 0;
		};
		94F1AF172E14659100EBDA49 /* Sources */ = {
			isa = PBXSourcesBuildPhase;
			buildActionMask = 2147483647;
			files = (
			);
			runOnlyForDeploymentPostprocessing = 0;
		};
		94F1AF212E14659100EBDA49 /* Sources */ = {
			isa = PBXSourcesBuildPhase;
			buildActionMask = 2147483647;
			files = (
			);
			runOnlyForDeploymentPostprocessing = 0;
		};
/* End PBXSourcesBuildPhase section */

/* Begin PBXTargetDependency section */
		94F1AF1D2E14659100EBDA49 /* PBXTargetDependency */ = {
			isa = PBXTargetDependency;
			target = 94F1AF042E14658F00EBDA49 /* Countries */;
			targetProxy = 94F1AF1C2E14659100EBDA49 /* PBXContainerItemProxy */;
		};
		94F1AF272E14659100EBDA49 /* PBXTargetDependency */ = {
			isa = PBXTargetDependency;
			target = 94F1AF042E14658F00EBDA49 /* Countries */;
			targetProxy = 94F1AF262E14659100EBDA49 /* PBXContainerItemProxy */;
		};
/* End PBXTargetDependency section */

/* Begin XCBuildConfiguration section */
		94F1AF2F2E14659100EBDA49 /* Debug */ = {
			isa = XCBuildConfiguration;
			buildSettings = {
				ASSETCATALOG_COMPILER_APPICON_NAME = AppIcon;
				ASSETCATALOG_COMPILER_GLOBAL_ACCENT_COLOR_NAME = AccentColor;
				CODE_SIGN_STYLE = Manual;
				CURRENT_PROJECT_VERSION = 1;
				DEVELOPMENT_TEAM = "";
				GENERATE_INFOPLIST_FILE = YES;
				INFOPLIST_FILE = "$(PROJECT_DIR)/Countries/Resources/Info.plist";
				INFOPLIST_KEY_UIApplicationSupportsIndirectInputEvents = YES;
				INFOPLIST_KEY_UILaunchStoryboardName = LaunchScreen;
				INFOPLIST_KEY_UIMainStoryboardFile = Main;
				INFOPLIST_KEY_UISupportedInterfaceOrientations = "UIInterfaceOrientationLandscapeLeft UIInterfaceOrientationLandscapeRight UIInterfaceOrientationPortrait";
				IPHONEOS_DEPLOYMENT_TARGET = 18.0;
				LD_RUNPATH_SEARCH_PATHS = (
					"$(inherited)",
					"@executable_path/Frameworks",
				);
				MARKETING_VERSION = 1.0.0;
				PRODUCT_BUNDLE_IDENTIFIER = "com.ryanluas.ryan-samplecode.Countries--SAMPLE-CODE-DISAMBIGUATOR-";
				PRODUCT_NAME = "$(TARGET_NAME)";
				PROVISIONING_PROFILE_SPECIFIER = "";
				SUPPORTED_PLATFORMS = "iphoneos iphonesimulator";
				SUPPORTS_MACCATALYST = NO;
				SUPPORTS_MAC_DESIGNED_FOR_IPHONE_IPAD = NO;
				SUPPORTS_XR_DESIGNED_FOR_IPHONE_IPAD = NO;
				SWIFT_EMIT_LOC_STRINGS = YES;
				SWIFT_VERSION = 5.0;
				TARGETED_DEVICE_FAMILY = "1,2";
			};
			name = Debug;
		};
		94F1AF302E14659100EBDA49 /* Release */ = {
			isa = XCBuildConfiguration;
			buildSettings = {
				ASSETCATALOG_COMPILER_APPICON_NAME = AppIcon;
				ASSETCATALOG_COMPILER_GLOBAL_ACCENT_COLOR_NAME = AccentColor;
				CODE_SIGN_STYLE = Manual;
				CURRENT_PROJECT_VERSION = 1;
				DEVELOPMENT_TEAM = "";
				GENERATE_INFOPLIST_FILE = YES;
				INFOPLIST_FILE = "$(PROJECT_DIR)/Countries/Resources/Info.plist";
				INFOPLIST_KEY_UIApplicationSupportsIndirectInputEvents = YES;
				INFOPLIST_KEY_UILaunchStoryboardName = LaunchScreen;
				INFOPLIST_KEY_UIMainStoryboardFile = Main;
				INFOPLIST_KEY_UISupportedInterfaceOrientations = "UIInterfaceOrientationLandscapeLeft UIInterfaceOrientationLandscapeRight UIInterfaceOrientationPortrait";
				IPHONEOS_DEPLOYMENT_TARGET = 18.0;
				LD_RUNPATH_SEARCH_PATHS = (
					"$(inherited)",
					"@executable_path/Frameworks",
				);
				MARKETING_VERSION = 1.0.0;
				PRODUCT_BUNDLE_IDENTIFIER = "com.ryanluas.ryan-samplecode.Countries--SAMPLE-CODE-DISAMBIGUATOR-";
				PRODUCT_NAME = "$(TARGET_NAME)";
				PROVISIONING_PROFILE_SPECIFIER = "";
				SUPPORTED_PLATFORMS = "iphoneos iphonesimulator";
				SUPPORTS_MACCATALYST = NO;
				SUPPORTS_MAC_DESIGNED_FOR_IPHONE_IPAD = NO;
				SUPPORTS_XR_DESIGNED_FOR_IPHONE_IPAD = NO;
				SWIFT_EMIT_LOC_STRINGS = YES;
				SWIFT_VERSION = 5.0;
				TARGETED_DEVICE_FAMILY = "1,2";
			};
			name = Release;
		};
		94F1AF312E14659100EBDA49 /* Debug */ = {
			isa = XCBuildConfiguration;
			buildSettings = {
				ALWAYS_SEARCH_USER_PATHS = NO;
				ASSETCATALOG_COMPILER_GENERATE_SWIFT_ASSET_SYMBOL_EXTENSIONS = YES;
				CLANG_ANALYZER_NONNULL = YES;
				CLANG_ANALYZER_NUMBER_OBJECT_CONVERSION = YES_AGGRESSIVE;
				CLANG_CXX_LANGUAGE_STANDARD = "gnu++20";
				CLANG_ENABLE_MODULES = YES;
				CLANG_ENABLE_OBJC_ARC = YES;
				CLANG_ENABLE_OBJC_WEAK = YES;
				CLANG_WARN_BLOCK_CAPTURE_AUTORELEASING = YES;
				CLANG_WARN_BOOL_CONVERSION = YES;
				CLANG_WARN_COMMA = YES;
				CLANG_WARN_CONSTANT_CONVERSION = YES;
				CLANG_WARN_DEPRECATED_OBJC_IMPLEMENTATIONS = YES;
				CLANG_WARN_DIRECT_OBJC_ISA_USAGE = YES_ERROR;
				CLANG_WARN_DOCUMENTATION_COMMENTS = YES;
				CLANG_WARN_EMPTY_BODY = YES;
				CLANG_WARN_ENUM_CONVERSION = YES;
				CLANG_WARN_INFINITE_RECURSION = YES;
				CLANG_WARN_INT_CONVERSION = YES;
				CLANG_WARN_NON_LITERAL_NULL_CONVERSION = YES;
				CLANG_WARN_OBJC_IMPLICIT_RETAIN_SELF = YES;
				CLANG_WARN_OBJC_LITERAL_CONVERSION = YES;
				CLANG_WARN_OBJC_ROOT_CLASS = YES_ERROR;
				CLANG_WARN_QUOTED_INCLUDE_IN_FRAMEWORK_HEADER = YES;
				CLANG_WARN_RANGE_LOOP_ANALYSIS = YES;
				CLANG_WARN_STRICT_PROTOTYPES = YES;
				CLANG_WARN_SUSPICIOUS_MOVE = YES;
				CLANG_WARN_UNGUARDED_AVAILABILITY = YES_AGGRESSIVE;
				CLANG_WARN_UNREACHABLE_CODE = YES;
				CLANG_WARN__DUPLICATE_METHOD_MATCH = YES;
				COPY_PHASE_STRIP = NO;
				DEBUG_INFORMATION_FORMAT = dwarf;
				DEVELOPMENT_TEAM = P5QRT6AK7R;
				ENABLE_STRICT_OBJC_MSGSEND = YES;
				ENABLE_TESTABILITY = YES;
				ENABLE_USER_SCRIPT_SANDBOXING = YES;
				GCC_C_LANGUAGE_STANDARD = gnu17;
				GCC_DYNAMIC_NO_PIC = NO;
				GCC_NO_COMMON_BLOCKS = YES;
				GCC_OPTIMIZATION_LEVEL = 0;
				GCC_PREPROCESSOR_DEFINITIONS = (
					"DEBUG=1",
					"$(inherited)",
				);
				GCC_WARN_64_TO_32_BIT_CONVERSION = YES;
				GCC_WARN_ABOUT_RETURN_TYPE = YES_ERROR;
				GCC_WARN_UNDECLARED_SELECTOR = YES;
				GCC_WARN_UNINITIALIZED_AUTOS = YES_AGGRESSIVE;
				GCC_WARN_UNUSED_FUNCTION = YES;
				GCC_WARN_UNUSED_VARIABLE = YES;
				IPHONEOS_DEPLOYMENT_TARGET = 18.5;
				LOCALIZATION_PREFERS_STRING_CATALOGS = YES;
				MTL_ENABLE_DEBUG_INFO = INCLUDE_SOURCE;
				MTL_FAST_MATH = YES;
				ONLY_ACTIVE_ARCH = YES;
				SDKROOT = iphoneos;
				SWIFT_ACTIVE_COMPILATION_CONDITIONS = "DEBUG $(inherited)";
				SWIFT_OPTIMIZATION_LEVEL = "-Onone";
			};
			name = Debug;
		};
		94F1AF322E14659100EBDA49 /* Release */ = {
			isa = XCBuildConfiguration;
			buildSettings = {
				ALWAYS_SEARCH_USER_PATHS = NO;
				ASSETCATALOG_COMPILER_GENERATE_SWIFT_ASSET_SYMBOL_EXTENSIONS = YES;
				CLANG_ANALYZER_NONNULL = YES;
				CLANG_ANALYZER_NUMBER_OBJECT_CONVERSION = YES_AGGRESSIVE;
				CLANG_CXX_LANGUAGE_STANDARD = "gnu++20";
				CLANG_ENABLE_MODULES = YES;
				CLANG_ENABLE_OBJC_ARC = YES;
				CLANG_ENABLE_OBJC_WEAK = YES;
				CLANG_WARN_BLOCK_CAPTURE_AUTORELEASING = YES;
				CLANG_WARN_BOOL_CONVERSION = YES;
				CLANG_WARN_COMMA = YES;
				CLANG_WARN_CONSTANT_CONVERSION = YES;
				CLANG_WARN_DEPRECATED_OBJC_IMPLEMENTATIONS = YES;
				CLANG_WARN_DIRECT_OBJC_ISA_USAGE = YES_ERROR;
				CLANG_WARN_DOCUMENTATION_COMMENTS = YES;
				CLANG_WARN_EMPTY_BODY = YES;
				CLANG_WARN_ENUM_CONVERSION = YES;
				CLANG_WARN_INFINITE_RECURSION = YES;
				CLANG_WARN_INT_CONVERSION = YES;
				CLANG_WARN_NON_LITERAL_NULL_CONVERSION = YES;
				CLANG_WARN_OBJC_IMPLICIT_RETAIN_SELF = YES;
				CLANG_WARN_OBJC_LITERAL_CONVERSION = YES;
				CLANG_WARN_OBJC_ROOT_CLASS = YES_ERROR;
				CLANG_WARN_QUOTED_INCLUDE_IN_FRAMEWORK_HEADER = YES;
				CLANG_WARN_RANGE_LOOP_ANALYSIS = YES;
				CLANG_WARN_STRICT_PROTOTYPES = YES;
				CLANG_WARN_SUSPICIOUS_MOVE = YES;
				CLANG_WARN_UNGUARDED_AVAILABILITY = YES_AGGRESSIVE;
				CLANG_WARN_UNREACHABLE_CODE = YES;
				CLANG_WARN__DUPLICATE_METHOD_MATCH = YES;
				COPY_PHASE_STRIP = NO;
				DEBUG_INFORMATION_FORMAT = "dwarf-with-dsym";
				DEVELOPMENT_TEAM = P5QRT6AK7R;
				ENABLE_NS_ASSERTIONS = NO;
				ENABLE_STRICT_OBJC_MSGSEND = YES;
				ENABLE_USER_SCRIPT_SANDBOXING = YES;
				GCC_C_LANGUAGE_STANDARD = gnu17;
				GCC_NO_COMMON_BLOCKS = YES;
				GCC_WARN_64_TO_32_BIT_CONVERSION = YES;
				GCC_WARN_ABOUT_RETURN_TYPE = YES_ERROR;
				GCC_WARN_UNDECLARED_SELECTOR = YES;
				GCC_WARN_UNINITIALIZED_AUTOS = YES_AGGRESSIVE;
				GCC_WARN_UNUSED_FUNCTION = YES;
				GCC_WARN_UNUSED_VARIABLE = YES;
				IPHONEOS_DEPLOYMENT_TARGET = 18.5;
				LOCALIZATION_PREFERS_STRING_CATALOGS = YES;
				MTL_ENABLE_DEBUG_INFO = NO;
				MTL_FAST_MATH = YES;
				SDKROOT = iphoneos;
				SWIFT_COMPILATION_MODE = wholemodule;
				VALIDATE_PRODUCT = YES;
			};
			name = Release;
		};
		94F1AF342E14659100EBDA49 /* Debug */ = {
			isa = XCBuildConfiguration;
			buildSettings = {
				BUNDLE_LOADER = "$(TEST_HOST)";
				CODE_SIGN_STYLE = Automatic;
				CURRENT_PROJECT_VERSION = 1;
				DEVELOPMENT_TEAM = P5QRT6AK7R;
				GENERATE_INFOPLIST_FILE = YES;
				IPHONEOS_DEPLOYMENT_TARGET = 18.5;
				MARKETING_VERSION = 1.0;
				PRODUCT_BUNDLE_IDENTIFIER = com.decibelsurf.CountriesTests;
				PRODUCT_NAME = "$(TARGET_NAME)";
				SWIFT_EMIT_LOC_STRINGS = NO;
				SWIFT_VERSION = 5.0;
				TARGETED_DEVICE_FAMILY = "1,2";
				TEST_HOST = "$(BUILT_PRODUCTS_DIR)/Countries.app/$(BUNDLE_EXECUTABLE_FOLDER_PATH)/Countries";
			};
			name = Debug;
		};
		94F1AF352E14659100EBDA49 /* Release */ = {
			isa = XCBuildConfiguration;
			buildSettings = {
				BUNDLE_LOADER = "$(TEST_HOST)";
				CODE_SIGN_STYLE = Automatic;
				CURRENT_PROJECT_VERSION = 1;
				DEVELOPMENT_TEAM = P5QRT6AK7R;
				GENERATE_INFOPLIST_FILE = YES;
				IPHONEOS_DEPLOYMENT_TARGET = 18.5;
				MARKETING_VERSION = 1.0;
				PRODUCT_BUNDLE_IDENTIFIER = com.decibelsurf.CountriesTests;
				PRODUCT_NAME = "$(TARGET_NAME)";
				SWIFT_EMIT_LOC_STRINGS = NO;
				SWIFT_VERSION = 5.0;
				TARGETED_DEVICE_FAMILY = "1,2";
				TEST_HOST = "$(BUILT_PRODUCTS_DIR)/Countries.app/$(BUNDLE_EXECUTABLE_FOLDER_PATH)/Countries";
			};
			name = Release;
		};
		94F1AF372E14659100EBDA49 /* Debug */ = {
			isa = XCBuildConfiguration;
			buildSettings = {
				CODE_SIGN_STYLE = Automatic;
				CURRENT_PROJECT_VERSION = 1;
				DEVELOPMENT_TEAM = P5QRT6AK7R;
				GENERATE_INFOPLIST_FILE = YES;
				MARKETING_VERSION = 1.0;
				PRODUCT_BUNDLE_IDENTIFIER = com.decibelsurf.CountriesUITests;
				PRODUCT_NAME = "$(TARGET_NAME)";
				SWIFT_EMIT_LOC_STRINGS = NO;
				SWIFT_VERSION = 5.0;
				TARGETED_DEVICE_FAMILY = "1,2";
				TEST_TARGET_NAME = Countries;
			};
			name = Debug;
		};
		94F1AF382E14659100EBDA49 /* Release */ = {
			isa = XCBuildConfiguration;
			buildSettings = {
				CODE_SIGN_STYLE = Automatic;
				CURRENT_PROJECT_VERSION = 1;
				DEVELOPMENT_TEAM = P5QRT6AK7R;
				GENERATE_INFOPLIST_FILE = YES;
				MARKETING_VERSION = 1.0;
				PRODUCT_BUNDLE_IDENTIFIER = com.decibelsurf.CountriesUITests;
				PRODUCT_NAME = "$(TARGET_NAME)";
				SWIFT_EMIT_LOC_STRINGS = NO;
				SWIFT_VERSION = 5.0;
				TARGETED_DEVICE_FAMILY = "1,2";
				TEST_TARGET_NAME = Countries;
			};
			name = Release;
		};
/* End XCBuildConfiguration section */

/* Begin XCConfigurationList section */
		94F1AF002E14658F00EBDA49 /* Build configuration list for PBXProject "Countries" */ = {
			isa = XCConfigurationList;
			buildConfigurations = (
				94F1AF312E14659100EBDA49 /* Debug */,
				94F1AF322E14659100EBDA49 /* Release */,
			);
			defaultConfigurationIsVisible = 0;
			defaultConfigurationName = Release;
		};
		94F1AF2E2E14659100EBDA49 /* Build configuration list for PBXNativeTarget "Countries" */ = {
			isa = XCConfigurationList;
			buildConfigurations = (
				94F1AF2F2E14659100EBDA49 /* Debug */,
				94F1AF302E14659100EBDA49 /* Release */,
			);
			defaultConfigurationIsVisible = 0;
			defaultConfigurationName = Release;
		};
		94F1AF332E14659100EBDA49 /* Build configuration list for PBXNativeTarget "CountriesTests" */ = {
			isa = XCConfigurationList;
			buildConfigurations = (
				94F1AF342E14659100EBDA49 /* Debug */,
				94F1AF352E14659100EBDA49 /* Release */,
			);
			defaultConfigurationIsVisible = 0;
			defaultConfigurationName = Release;
		};
		94F1AF362E14659100EBDA49 /* Build configuration list for PBXNativeTarget "CountriesUITests" */ = {
			isa = XCConfigurationList;
			buildConfigurations = (
				94F1AF372E14659100EBDA49 /* Debug */,
				94F1AF382E14659100EBDA49 /* Release */,
			);
			defaultConfigurationIsVisible = 0;
			defaultConfigurationName = Release;
		};
/* End XCConfigurationList section */
	};
	rootObject = 94F1AEFD2E14658F00EBDA49 /* Project object */;
}
